// !$*UTF8*$!
{
	archiveVersion = 1;
	classes = {
	};
	objectVersion = 46;
	objects = {

/* Begin PBXBuildFile section */
		56DD669B1B0CC5EA00652205 /* AppDelegate.swift in Sources */ = {isa = PBXBuildFile; fileRef = 56DD669A1B0CC5EA00652205 /* AppDelegate.swift */; };
		56DD669E1B0CC5EA00652205 /* ios_dota2.xcdatamodeld in Sources */ = {isa = PBXBuildFile; fileRef = 56DD669C1B0CC5EA00652205 /* ios_dota2.xcdatamodeld */; };
		56DD66A31B0CC5EA00652205 /* Main.storyboard in Resources */ = {isa = PBXBuildFile; fileRef = 56DD66A11B0CC5EA00652205 /* Main.storyboard */; };
		56DD66A51B0CC5EA00652205 /* Images.xcassets in Resources */ = {isa = PBXBuildFile; fileRef = 56DD66A41B0CC5EA00652205 /* Images.xcassets */; };
		56DD66A81B0CC5EA00652205 /* LaunchScreen.xib in Resources */ = {isa = PBXBuildFile; fileRef = 56DD66A61B0CC5EA00652205 /* LaunchScreen.xib */; };
		56DD66B41B0CC5EA00652205 /* ios_dota2Tests.swift in Sources */ = {isa = PBXBuildFile; fileRef = 56DD66B31B0CC5EA00652205 /* ios_dota2Tests.swift */; };
		56DD66C41B0CCC5C00652205 /* dota2_120.png in Resources */ = {isa = PBXBuildFile; fileRef = 56DD66C11B0CCC5C00652205 /* dota2_120.png */; };
		56DD66C51B0CCC5C00652205 /* dota2_92.png in Resources */ = {isa = PBXBuildFile; fileRef = 56DD66C21B0CCC5C00652205 /* dota2_92.png */; };
		56DD66C61B0CCC5C00652205 /* dota2_76.png in Resources */ = {isa = PBXBuildFile; fileRef = 56DD66C31B0CCC5C00652205 /* dota2_76.png */; };
		56DD66C81B0CD13800652205 /* NewsTableViewController.swift in Sources */ = {isa = PBXBuildFile; fileRef = 56DD66C71B0CD13800652205 /* NewsTableViewController.swift */; };
		56DD66CD1B0CE54600652205 /* NewsTableViewCell.swift in Sources */ = {isa = PBXBuildFile; fileRef = 56DD66CC1B0CE54600652205 /* NewsTableViewCell.swift */; };
		56DD66CF1B0D13E700652205 /* heart_128.png in Resources */ = {isa = PBXBuildFile; fileRef = 56DD66CE1B0D13E700652205 /* heart_128.png */; };
		56DD66D21B0D150900652205 /* heart_32.png in Resources */ = {isa = PBXBuildFile; fileRef = 56DD66D01B0D150900652205 /* heart_32.png */; };
		56DD66D31B0D150900652205 /* heart_64.png in Resources */ = {isa = PBXBuildFile; fileRef = 56DD66D11B0D150900652205 /* heart_64.png */; };
		56DD66D51B0D15A800652205 /* dota2_32.png in Resources */ = {isa = PBXBuildFile; fileRef = 56DD66D41B0D15A800652205 /* dota2_32.png */; };
		56DD66D71B0D177100652205 /* dota2_48.png in Resources */ = {isa = PBXBuildFile; fileRef = 56DD66D61B0D177100652205 /* dota2_48.png */; };
		56DD66D91B0D192100652205 /* SummaryViewController.swift in Sources */ = {isa = PBXBuildFile; fileRef = 56DD66D81B0D192100652205 /* SummaryViewController.swift */; };
		56DD66DB1B0D39AD00652205 /* FriendsTableViewController.swift in Sources */ = {isa = PBXBuildFile; fileRef = 56DD66DA1B0D39AD00652205 /* FriendsTableViewController.swift */; };
		56DD66DD1B0F6D8F00652205 /* MatchTableViewController.swift in Sources */ = {isa = PBXBuildFile; fileRef = 56DD66DC1B0F6D8F00652205 /* MatchTableViewController.swift */; };
		56DD66DF1B0F86E600652205 /* Dota2Client.swift in Sources */ = {isa = PBXBuildFile; fileRef = 56DD66DE1B0F86E600652205 /* Dota2Client.swift */; };
		56DD66E11B0F982500652205 /* Match.swift in Sources */ = {isa = PBXBuildFile; fileRef = 56DD66E01B0F982500652205 /* Match.swift */; };
/* End PBXBuildFile section */

/* Begin PBXContainerItemProxy section */
		56DD66AE1B0CC5EA00652205 /* PBXContainerItemProxy */ = {
			isa = PBXContainerItemProxy;
			containerPortal = 56DD668D1B0CC5E900652205 /* Project object */;
			proxyType = 1;
			remoteGlobalIDString = 56DD66941B0CC5EA00652205;
			remoteInfo = "ios-dota2";
		};
/* End PBXContainerItemProxy section */

/* Begin PBXFileReference section */
		56DD66951B0CC5EA00652205 /* ios-dota2.app */ = {isa = PBXFileReference; explicitFileType = wrapper.application; includeInIndex = 0; path = "ios-dota2.app"; sourceTree = BUILT_PRODUCTS_DIR; };
		56DD66991B0CC5EA00652205 /* Info.plist */ = {isa = PBXFileReference; lastKnownFileType = text.plist.xml; path = Info.plist; sourceTree = "<group>"; };
		56DD669A1B0CC5EA00652205 /* AppDelegate.swift */ = {isa = PBXFileReference; lastKnownFileType = sourcecode.swift; path = AppDelegate.swift; sourceTree = "<group>"; };
		56DD669D1B0CC5EA00652205 /* ios_dota2.xcdatamodel */ = {isa = PBXFileReference; lastKnownFileType = wrapper.xcdatamodel; path = ios_dota2.xcdatamodel; sourceTree = "<group>"; };
		56DD66A21B0CC5EA00652205 /* Base */ = {isa = PBXFileReference; lastKnownFileType = file.storyboard; name = Base; path = Base.lproj/Main.storyboard; sourceTree = "<group>"; };
		56DD66A41B0CC5EA00652205 /* Images.xcassets */ = {isa = PBXFileReference; lastKnownFileType = folder.assetcatalog; path = Images.xcassets; sourceTree = "<group>"; };
		56DD66A71B0CC5EA00652205 /* Base */ = {isa = PBXFileReference; lastKnownFileType = file.xib; name = Base; path = Base.lproj/LaunchScreen.xib; sourceTree = "<group>"; };
		56DD66AD1B0CC5EA00652205 /* ios-dota2Tests.xctest */ = {isa = PBXFileReference; explicitFileType = wrapper.cfbundle; includeInIndex = 0; path = "ios-dota2Tests.xctest"; sourceTree = BUILT_PRODUCTS_DIR; };
		56DD66B21B0CC5EA00652205 /* Info.plist */ = {isa = PBXFileReference; lastKnownFileType = text.plist.xml; path = Info.plist; sourceTree = "<group>"; };
		56DD66B31B0CC5EA00652205 /* ios_dota2Tests.swift */ = {isa = PBXFileReference; lastKnownFileType = sourcecode.swift; path = ios_dota2Tests.swift; sourceTree = "<group>"; };
		56DD66C11B0CCC5C00652205 /* dota2_120.png */ = {isa = PBXFileReference; lastKnownFileType = image.png; path = dota2_120.png; sourceTree = "<group>"; };
		56DD66C21B0CCC5C00652205 /* dota2_92.png */ = {isa = PBXFileReference; lastKnownFileType = image.png; path = dota2_92.png; sourceTree = "<group>"; };
		56DD66C31B0CCC5C00652205 /* dota2_76.png */ = {isa = PBXFileReference; lastKnownFileType = image.png; path = dota2_76.png; sourceTree = "<group>"; };
		56DD66C71B0CD13800652205 /* NewsTableViewController.swift */ = {isa = PBXFileReference; fileEncoding = 4; lastKnownFileType = sourcecode.swift; path = NewsTableViewController.swift; sourceTree = "<group>"; };
		56DD66CC1B0CE54600652205 /* NewsTableViewCell.swift */ = {isa = PBXFileReference; fileEncoding = 4; lastKnownFileType = sourcecode.swift; path = NewsTableViewCell.swift; sourceTree = "<group>"; };
		56DD66CE1B0D13E700652205 /* heart_128.png */ = {isa = PBXFileReference; lastKnownFileType = image.png; path = heart_128.png; sourceTree = "<group>"; };
		56DD66D01B0D150900652205 /* heart_32.png */ = {isa = PBXFileReference; lastKnownFileType = image.png; path = heart_32.png; sourceTree = "<group>"; };
		56DD66D11B0D150900652205 /* heart_64.png */ = {isa = PBXFileReference; lastKnownFileType = image.png; path = heart_64.png; sourceTree = "<group>"; };
		56DD66D41B0D15A800652205 /* dota2_32.png */ = {isa = PBXFileReference; lastKnownFileType = image.png; path = dota2_32.png; sourceTree = "<group>"; };
		56DD66D61B0D177100652205 /* dota2_48.png */ = {isa = PBXFileReference; lastKnownFileType = image.png; path = dota2_48.png; sourceTree = "<group>"; };
		56DD66D81B0D192100652205 /* SummaryViewController.swift */ = {isa = PBXFileReference; fileEncoding = 4; lastKnownFileType = sourcecode.swift; path = SummaryViewController.swift; sourceTree = "<group>"; };
		56DD66DA1B0D39AD00652205 /* FriendsTableViewController.swift */ = {isa = PBXFileReference; fileEncoding = 4; lastKnownFileType = sourcecode.swift; path = FriendsTableViewController.swift; sourceTree = "<group>"; };
		56DD66DC1B0F6D8F00652205 /* MatchTableViewController.swift */ = {isa = PBXFileReference; fileEncoding = 4; lastKnownFileType = sourcecode.swift; path = MatchTableViewController.swift; sourceTree = "<group>"; };
		56DD66DE1B0F86E600652205 /* Dota2Client.swift */ = {isa = PBXFileReference; fileEncoding = 4; lastKnownFileType = sourcecode.swift; path = Dota2Client.swift; sourceTree = "<group>"; };
		56DD66E01B0F982500652205 /* Match.swift */ = {isa = PBXFileReference; fileEncoding = 4; lastKnownFileType = sourcecode.swift; path = Match.swift; sourceTree = "<group>"; };
/* End PBXFileReference section */

/* Begin PBXFrameworksBuildPhase section */
		56DD66921B0CC5EA00652205 /* Frameworks */ = {
			isa = PBXFrameworksBuildPhase;
			buildActionMask = 2147483647;
			files = (
			);
			runOnlyForDeploymentPostprocessing = 0;
		};
		56DD66AA1B0CC5EA00652205 /* Frameworks */ = {
			isa = PBXFrameworksBuildPhase;
			buildActionMask = 2147483647;
			files = (
			);
			runOnlyForDeploymentPostprocessing = 0;
		};
/* End PBXFrameworksBuildPhase section */

/* Begin PBXGroup section */
		56DD668C1B0CC5E900652205 = {
			isa = PBXGroup;
			children = (
				56DD66971B0CC5EA00652205 /* ios-dota2 */,
				56DD66B01B0CC5EA00652205 /* ios-dota2Tests */,
				56DD66961B0CC5EA00652205 /* Products */,
			);
			sourceTree = "<group>";
		};
		56DD66961B0CC5EA00652205 /* Products */ = {
			isa = PBXGroup;
			children = (
				56DD66951B0CC5EA00652205 /* ios-dota2.app */,
				56DD66AD1B0CC5EA00652205 /* ios-dota2Tests.xctest */,
			);
			name = Products;
			sourceTree = "<group>";
		};
		56DD66971B0CC5EA00652205 /* ios-dota2 */ = {
			isa = PBXGroup;
			children = (
				56DD66CA1B0CD15000652205 /* Model */,
				56DD66CB1B0CD15B00652205 /* View */,
				56DD66C91B0CD14400652205 /* Controller */,
				56DD669A1B0CC5EA00652205 /* AppDelegate.swift */,
				56DD66A11B0CC5EA00652205 /* Main.storyboard */,
				56DD66A61B0CC5EA00652205 /* LaunchScreen.xib */,
				56DD669C1B0CC5EA00652205 /* ios_dota2.xcdatamodeld */,
				56DD66981B0CC5EA00652205 /* Supporting Files */,
			);
			path = "ios-dota2";
			sourceTree = "<group>";
		};
		56DD66981B0CC5EA00652205 /* Supporting Files */ = {
			isa = PBXGroup;
			children = (
				56DD66A41B0CC5EA00652205 /* Images.xcassets */,
				56DD66C01B0CCC5200652205 /* Image */,
				56DD66991B0CC5EA00652205 /* Info.plist */,
			);
			name = "Supporting Files";
			sourceTree = "<group>";
		};
		56DD66B01B0CC5EA00652205 /* ios-dota2Tests */ = {
			isa = PBXGroup;
			children = (
				56DD66B31B0CC5EA00652205 /* ios_dota2Tests.swift */,
				56DD66B11B0CC5EA00652205 /* Supporting Files */,
			);
			path = "ios-dota2Tests";
			sourceTree = "<group>";
		};
		56DD66B11B0CC5EA00652205 /* Supporting Files */ = {
			isa = PBXGroup;
			children = (
				56DD66B21B0CC5EA00652205 /* Info.plist */,
			);
			name = "Supporting Files";
			sourceTree = "<group>";
		};
		56DD66C01B0CCC5200652205 /* Image */ = {
			isa = PBXGroup;
			children = (
				56DD66CE1B0D13E700652205 /* heart_128.png */,
				56DD66D41B0D15A800652205 /* dota2_32.png */,
				56DD66D01B0D150900652205 /* heart_32.png */,
				56DD66D11B0D150900652205 /* heart_64.png */,
				56DD66C11B0CCC5C00652205 /* dota2_120.png */,
				56DD66C21B0CCC5C00652205 /* dota2_92.png */,
				56DD66D61B0D177100652205 /* dota2_48.png */,
				56DD66C31B0CCC5C00652205 /* dota2_76.png */,
			);
			name = Image;
			sourceTree = "<group>";
		};
		56DD66C91B0CD14400652205 /* Controller */ = {
			isa = PBXGroup;
			children = (
				56DD66D81B0D192100652205 /* SummaryViewController.swift */,
				56DD66C71B0CD13800652205 /* NewsTableViewController.swift */,
				56DD66DA1B0D39AD00652205 /* FriendsTableViewController.swift */,
				56DD66DC1B0F6D8F00652205 /* MatchTableViewController.swift */,
				56DD66DE1B0F86E600652205 /* Dota2Client.swift */,
				56DD66E01B0F982500652205 /* Match.swift */,
			);
			name = Controller;
			sourceTree = "<group>";
		};
		56DD66CA1B0CD15000652205 /* Model */ = {
			isa = PBXGroup;
			children = (
			);
			name = Model;
			sourceTree = "<group>";
		};
		56DD66CB1B0CD15B00652205 /* View */ = {
			isa = PBXGroup;
			children = (
				56DD66CC1B0CE54600652205 /* NewsTableViewCell.swift */,
			);
			name = View;
			sourceTree = "<group>";
		};
/* End PBXGroup section */

/* Begin PBXNativeTarget section */
		56DD66941B0CC5EA00652205 /* ios-dota2 */ = {
			isa = PBXNativeTarget;
			buildConfigurationList = 56DD66B71B0CC5EB00652205 /* Build configuration list for PBXNativeTarget "ios-dota2" */;
			buildPhases = (
				56DD66911B0CC5EA00652205 /* Sources */,
				56DD66921B0CC5EA00652205 /* Frameworks */,
				56DD66931B0CC5EA00652205 /* Resources */,
			);
			buildRules = (
			);
			dependencies = (
			);
			name = "ios-dota2";
			productName = "ios-dota2";
			productReference = 56DD66951B0CC5EA00652205 /* ios-dota2.app */;
			productType = "com.apple.product-type.application";
		};
		56DD66AC1B0CC5EA00652205 /* ios-dota2Tests */ = {
			isa = PBXNativeTarget;
			buildConfigurationList = 56DD66BA1B0CC5EB00652205 /* Build configuration list for PBXNativeTarget "ios-dota2Tests" */;
			buildPhases = (
				56DD66A91B0CC5EA00652205 /* Sources */,
				56DD66AA1B0CC5EA00652205 /* Frameworks */,
				56DD66AB1B0CC5EA00652205 /* Resources */,
			);
			buildRules = (
			);
			dependencies = (
				56DD66AF1B0CC5EA00652205 /* PBXTargetDependency */,
			);
			name = "ios-dota2Tests";
			productName = "ios-dota2Tests";
			productReference = 56DD66AD1B0CC5EA00652205 /* ios-dota2Tests.xctest */;
			productType = "com.apple.product-type.bundle.unit-test";
		};
/* End PBXNativeTarget section */

/* Begin PBXProject section */
		56DD668D1B0CC5E900652205 /* Project object */ = {
			isa = PBXProject;
			attributes = {
				LastUpgradeCheck = 0630;
				ORGANIZATIONNAME = "Zhaolong Zhong";
				TargetAttributes = {
					56DD66941B0CC5EA00652205 = {
						CreatedOnToolsVersion = 6.3.1;
					};
					56DD66AC1B0CC5EA00652205 = {
						CreatedOnToolsVersion = 6.3.1;
						TestTargetID = 56DD66941B0CC5EA00652205;
					};
				};
			};
			buildConfigurationList = 56DD66901B0CC5EA00652205 /* Build configuration list for PBXProject "ios-dota2" */;
			compatibilityVersion = "Xcode 3.2";
			developmentRegion = English;
			hasScannedForEncodings = 0;
			knownRegions = (
				en,
				Base,
			);
			mainGroup = 56DD668C1B0CC5E900652205;
			productRefGroup = 56DD66961B0CC5EA00652205 /* Products */;
			projectDirPath = "";
			projectRoot = "";
			targets = (
				56DD66941B0CC5EA00652205 /* ios-dota2 */,
				56DD66AC1B0CC5EA00652205 /* ios-dota2Tests */,
			);
		};
/* End PBXProject section */

/* Begin PBXResourcesBuildPhase section */
		56DD66931B0CC5EA00652205 /* Resources */ = {
			isa = PBXResourcesBuildPhase;
			buildActionMask = 2147483647;
			files = (
				56DD66C41B0CCC5C00652205 /* dota2_120.png in Resources */,
				56DD66A31B0CC5EA00652205 /* Main.storyboard in Resources */,
				56DD66A81B0CC5EA00652205 /* LaunchScreen.xib in Resources */,
				56DD66C61B0CCC5C00652205 /* dota2_76.png in Resources */,
				56DD66A51B0CC5EA00652205 /* Images.xcassets in Resources */,
				56DD66C51B0CCC5C00652205 /* dota2_92.png in Resources */,
				56DD66D31B0D150900652205 /* heart_64.png in Resources */,
				56DD66D71B0D177100652205 /* dota2_48.png in Resources */,
				56DD66CF1B0D13E700652205 /* heart_128.png in Resources */,
				56DD66D21B0D150900652205 /* heart_32.png in Resources */,
				56DD66D51B0D15A800652205 /* dota2_32.png in Resources */,
			);
			runOnlyForDeploymentPostprocessing = 0;
		};
		56DD66AB1B0CC5EA00652205 /* Resources */ = {
			isa = PBXResourcesBuildPhase;
			buildActionMask = 2147483647;
			files = (
			);
			runOnlyForDeploymentPostprocessing = 0;
		};
/* End PBXResourcesBuildPhase section */

/* Begin PBXSourcesBuildPhase section */
		56DD66911B0CC5EA00652205 /* Sources */ = {
			isa = PBXSourcesBuildPhase;
			buildActionMask = 2147483647;
			files = (
				56DD66C81B0CD13800652205 /* NewsTableViewController.swift in Sources */,
				56DD669E1B0CC5EA00652205 /* ios_dota2.xcdatamodeld in Sources */,
				56DD66E11B0F982500652205 /* Match.swift in Sources */,
				56DD66DB1B0D39AD00652205 /* FriendsTableViewController.swift in Sources */,
				56DD66CD1B0CE54600652205 /* NewsTableViewCell.swift in Sources */,
				56DD669B1B0CC5EA00652205 /* AppDelegate.swift in Sources */,
				56DD66DF1B0F86E600652205 /* Dota2Client.swift in Sources */,
				56DD66DD1B0F6D8F00652205 /* MatchTableViewController.swift in Sources */,
				56DD66D91B0D192100652205 /* SummaryViewController.swift in Sources */,
			);
			runOnlyForDeploymentPostprocessing = 0;
		};
		56DD66A91B0CC5EA00652205 /* Sources */ = {
			isa = PBXSourcesBuildPhase;
			buildActionMask = 2147483647;
			files = (
				56DD66B41B0CC5EA00652205 /* ios_dota2Tests.swift in Sources */,
			);
			runOnlyForDeploymentPostprocessing = 0;
		};
/* End PBXSourcesBuildPhase section */

/* Begin PBXTargetDependency section */
		56DD66AF1B0CC5EA00652205 /* PBXTargetDependency */ = {
			isa = PBXTargetDependency;
			target = 56DD66941B0CC5EA00652205 /* ios-dota2 */;
			targetProxy = 56DD66AE1B0CC5EA00652205 /* PBXContainerItemProxy */;
		};
/* End PBXTargetDependency section */

/* Begin PBXVariantGroup section */
		56DD66A11B0CC5EA00652205 /* Main.storyboard */ = {
			isa = PBXVariantGroup;
			children = (
				56DD66A21B0CC5EA00652205 /* Base */,
			);
			name = Main.storyboard;
			sourceTree = "<group>";
		};
		56DD66A61B0CC5EA00652205 /* LaunchScreen.xib */ = {
			isa = PBXVariantGroup;
			children = (
				56DD66A71B0CC5EA00652205 /* Base */,
			);
			name = LaunchScreen.xib;
			sourceTree = "<group>";
		};
/* End PBXVariantGroup section */

/* Begin XCBuildConfiguration section */
		56DD66B51B0CC5EA00652205 /* Debug */ = {
			isa = XCBuildConfiguration;
			buildSettings = {
				ALWAYS_SEARCH_USER_PATHS = NO;
				CLANG_CXX_LANGUAGE_STANDARD = "gnu++0x";
				CLANG_CXX_LIBRARY = "libc++";
				CLANG_ENABLE_MODULES = YES;
				CLANG_ENABLE_OBJC_ARC = YES;
				CLANG_WARN_BOOL_CONVERSION = YES;
				CLANG_WARN_CONSTANT_CONVERSION = YES;
				CLANG_WARN_DIRECT_OBJC_ISA_USAGE = YES_ERROR;
				CLANG_WARN_EMPTY_BODY = YES;
				CLANG_WARN_ENUM_CONVERSION = YES;
				CLANG_WARN_INT_CONVERSION = YES;
				CLANG_WARN_OBJC_ROOT_CLASS = YES_ERROR;
				CLANG_WARN_UNREACHABLE_CODE = YES;
				CLANG_WARN__DUPLICATE_METHOD_MATCH = YES;
				"CODE_SIGN_IDENTITY[sdk=iphoneos*]" = "iPhone Developer";
				COPY_PHASE_STRIP = NO;
				DEBUG_INFORMATION_FORMAT = "dwarf-with-dsym";
				ENABLE_STRICT_OBJC_MSGSEND = YES;
				GCC_C_LANGUAGE_STANDARD = gnu99;
				GCC_DYNAMIC_NO_PIC = NO;
				GCC_NO_COMMON_BLOCKS = YES;
				GCC_OPTIMIZATION_LEVEL = 0;
				GCC_PREPROCESSOR_DEFINITIONS = (
					"DEBUG=1",
					"$(inherited)",
				);
				GCC_SYMBOLS_PRIVATE_EXTERN = NO;
				GCC_WARN_64_TO_32_BIT_CONVERSION = YES;
				GCC_WARN_ABOUT_RETURN_TYPE = YES_ERROR;
				GCC_WARN_UNDECLARED_SELECTOR = YES;
				GCC_WARN_UNINITIALIZED_AUTOS = YES_AGGRESSIVE;
				GCC_WARN_UNUSED_FUNCTION = YES;
				GCC_WARN_UNUSED_VARIABLE = YES;
				IPHONEOS_DEPLOYMENT_TARGET = 8.3;
				MTL_ENABLE_DEBUG_INFO = YES;
				ONLY_ACTIVE_ARCH = YES;
				SDKROOT = iphoneos;
				SWIFT_OPTIMIZATION_LEVEL = "-Onone";
				TARGETED_DEVICE_FAMILY = "1,2";
			};
			name = Debug;
		};
		56DD66B61B0CC5EA00652205 /* Release */ = {
			isa = XCBuildConfiguration;
			buildSettings = {
				ALWAYS_SEARCH_USER_PATHS = NO;
				CLANG_CXX_LANGUAGE_STANDARD = "gnu++0x";
				CLANG_CXX_LIBRARY = "libc++";
				CLANG_ENABLE_MODULES = YES;
				CLANG_ENABLE_OBJC_ARC = YES;
				CLANG_WARN_BOOL_CONVERSION = YES;
				CLANG_WARN_CONSTANT_CONVERSION = YES;
				CLANG_WARN_DIRECT_OBJC_ISA_USAGE = YES_ERROR;
				CLANG_WARN_EMPTY_BODY = YES;
				CLANG_WARN_ENUM_CONVERSION = YES;
				CLANG_WARN_INT_CONVERSION = YES;
				CLANG_WARN_OBJC_ROOT_CLASS = YES_ERROR;
				CLANG_WARN_UNREACHABLE_CODE = YES;
				CLANG_WARN__DUPLICATE_METHOD_MATCH = YES;
				"CODE_SIGN_IDENTITY[sdk=iphoneos*]" = "iPhone Developer";
				COPY_PHASE_STRIP = NO;
				DEBUG_INFORMATION_FORMAT = "dwarf-with-dsym";
				ENABLE_NS_ASSERTIONS = NO;
				ENABLE_STRICT_OBJC_MSGSEND = YES;
				GCC_C_LANGUAGE_STANDARD = gnu99;
				GCC_NO_COMMON_BLOCKS = YES;
				GCC_WARN_64_TO_32_BIT_CONVERSION = YES;
				GCC_WARN_ABOUT_RETURN_TYPE = YES_ERROR;
				GCC_WARN_UNDECLARED_SELECTOR = YES;
				GCC_WARN_UNINITIALIZED_AUTOS = YES_AGGRESSIVE;
				GCC_WARN_UNUSED_FUNCTION = YES;
				GCC_WARN_UNUSED_VARIABLE = YES;
				IPHONEOS_DEPLOYMENT_TARGET = 8.3;
				MTL_ENABLE_DEBUG_INFO = NO;
				SDKROOT = iphoneos;
				TARGETED_DEVICE_FAMILY = "1,2";
				VALIDATE_PRODUCT = YES;
			};
			name = Release;
		};
		56DD66B81B0CC5EB00652205 /* Debug */ = {
			isa = XCBuildConfiguration;
			buildSettings = {
				ASSETCATALOG_COMPILER_APPICON_NAME = AppIcon;
				INFOPLIST_FILE = "ios-dota2/Info.plist";
				LD_RUNPATH_SEARCH_PATHS = "$(inherited) @executable_path/Frameworks";
				PRODUCT_NAME = "$(TARGET_NAME)";
			};
			name = Debug;
		};
		56DD66B91B0CC5EB00652205 /* Release */ = {
			isa = XCBuildConfiguration;
			buildSettings = {
				ASSETCATALOG_COMPILER_APPICON_NAME = AppIcon;
				INFOPLIST_FILE = "ios-dota2/Info.plist";
				LD_RUNPATH_SEARCH_PATHS = "$(inherited) @executable_path/Frameworks";
				PRODUCT_NAME = "$(TARGET_NAME)";
			};
			name = Release;
		};
		56DD66BB1B0CC5EB00652205 /* Debug */ = {
			isa = XCBuildConfiguration;
			buildSettings = {
				BUNDLE_LOADER = "$(TEST_HOST)";
				FRAMEWORK_SEARCH_PATHS = (
					"$(SDKROOT)/Developer/Library/Frameworks",
					"$(inherited)",
				);
				GCC_PREPROCESSOR_DEFINITIONS = (
					"DEBUG=1",
					"$(inherited)",
				);
				INFOPLIST_FILE = "ios-dota2Tests/Info.plist";
				LD_RUNPATH_SEARCH_PATHS = "$(inherited) @executable_path/Frameworks @loader_path/Frameworks";
				PRODUCT_NAME = "$(TARGET_NAME)";
				TEST_HOST = "$(BUILT_PRODUCTS_DIR)/ios-dota2.app/ios-dota2";
			};
			name = Debug;
		};
		56DD66BC1B0CC5EB00652205 /* Release */ = {
			isa = XCBuildConfiguration;
			buildSettings = {
				BUNDLE_LOADER = "$(TEST_HOST)";
				FRAMEWORK_SEARCH_PATHS = (
					"$(SDKROOT)/Developer/Library/Frameworks",
					"$(inherited)",
				);
				INFOPLIST_FILE = "ios-dota2Tests/Info.plist";
				LD_RUNPATH_SEARCH_PATHS = "$(inherited) @executable_path/Frameworks @loader_path/Frameworks";
				PRODUCT_NAME = "$(TARGET_NAME)";
				TEST_HOST = "$(BUILT_PRODUCTS_DIR)/ios-dota2.app/ios-dota2";
			};
			name = Release;
		};
/* End XCBuildConfiguration section */

/* Begin XCConfigurationList section */
		56DD66901B0CC5EA00652205 /* Build configuration list for PBXProject "ios-dota2" */ = {
			isa = XCConfigurationList;
			buildConfigurations = (
				56DD66B51B0CC5EA00652205 /* Debug */,
				56DD66B61B0CC5EA00652205 /* Release */,
			);
			defaultConfigurationIsVisible = 0;
			defaultConfigurationName = Release;
		};
		56DD66B71B0CC5EB00652205 /* Build configuration list for PBXNativeTarget "ios-dota2" */ = {
			isa = XCConfigurationList;
			buildConfigurations = (
				56DD66B81B0CC5EB00652205 /* Debug */,
				56DD66B91B0CC5EB00652205 /* Release */,
			);
			defaultConfigurationIsVisible = 0;
			defaultConfigurationName = Release;
		};
		56DD66BA1B0CC5EB00652205 /* Build configuration list for PBXNativeTarget "ios-dota2Tests" */ = {
			isa = XCConfigurationList;
			buildConfigurations = (
				56DD66BB1B0CC5EB00652205 /* Debug */,
				56DD66BC1B0CC5EB00652205 /* Release */,
			);
			defaultConfigurationIsVisible = 0;
			defaultConfigurationName = Release;
		};
/* End XCConfigurationList section */

/* Begin XCVersionGroup section */
		56DD669C1B0CC5EA00652205 /* ios_dota2.xcdatamodeld */ = {
			isa = XCVersionGroup;
			children = (
				56DD669D1B0CC5EA00652205 /* ios_dota2.xcdatamodel */,
			);
			currentVersion = 56DD669D1B0CC5EA00652205 /* ios_dota2.xcdatamodel */;
			path = ios_dota2.xcdatamodeld;
			sourceTree = "<group>";
			versionGroupType = wrapper.xcdatamodel;
		};
/* End XCVersionGroup section */
	};
	rootObject = 56DD668D1B0CC5E900652205 /* Project object */;
}
